
Microsoft Visual Studio Solution File, Format Version 12.00
# Visual Studio Version 16
VisualStudioVersion = 16.0.30503.244
MinimumVisualStudioVersion = 10.0.40219.1
Project("{FAE04EC0-301F-11D3-BF4B-00C04F79EFBC}") = "LLL2.Android", "LLL2.Android\LLL2.Android.csproj", "{EC09F118-5E77-4228-8C73-0DB017CDCD6A}"
EndProject
Project("{FAE04EC0-301F-11D3-BF4B-00C04F79EFBC}") = "LLL2.iOS", "LLL2.iOS\LLL2.iOS.csproj", "{250E931B-54DE-428F-8CDD-AC23B0BB7213}"
EndProject
Project("{FAE04EC0-301F-11D3-BF4B-00C04F79EFBC}") = "LLL2", "LLL2\LLL2.csproj", "{3DBD4B40-ECC9-4747-8246-1087E8377D08}"
EndProject
Global
	GlobalSection(SolutionConfigurationPlatforms) = preSolution
		Debug|Any CPU = Debug|Any CPU
		Debug|iPhone = Debug|iPhone
		Debug|iPhoneSimulator = Debug|iPhoneSimulator
		Release|Any CPU = Release|Any CPU
		Release|iPhone = Release|iPhone
		Release|iPhoneSimulator = Release|iPhoneSimulator
	EndGlobalSection
	GlobalSection(ProjectConfigurationPlatforms) = postSolution
		{EC09F118-5E77-4228-8C73-0DB017CDCD6A}.Debug|Any CPU.ActiveCfg = Debug|Any CPU
		{EC09F118-5E77-4228-8C73-0DB017CDCD6A}.Debug|Any CPU.Build.0 = Debug|Any CPU
		{EC09F118-5E77-4228-8C73-0DB017CDCD6A}.Debug|Any CPU.Deploy.0 = Debug|Any CPU
		{EC09F118-5E77-4228-8C73-0DB017CDCD6A}.Debug|iPhone.ActiveCfg = Debug|Any CPU
		{EC09F118-5E77-4228-8C73-0DB017CDCD6A}.Debug|iPhone.Build.0 = Debug|Any CPU
		{EC09F118-5E77-4228-8C73-0DB017CDCD6A}.Debug|iPhone.Deploy.0 = Debug|Any CPU
		{EC09F118-5E77-4228-8C73-0DB017CDCD6A}.Debug|iPhoneSimulator.ActiveCfg = Debug|Any CPU
		{EC09F118-5E77-4228-8C73-0DB017CDCD6A}.Debug|iPhoneSimulator.Build.0 = Debug|Any CPU
		{EC09F118-5E77-4228-8C73-0DB017CDCD6A}.Debug|iPhoneSimulator.Deploy.0 = Debug|Any CPU
		{EC09F118-5E77-4228-8C73-0DB017CDCD6A}.Release|Any CPU.ActiveCfg = Release|Any CPU
		{EC09F118-5E77-4228-8C73-0DB017CDCD6A}.Release|Any CPU.Build.0 = Release|Any CPU
		{EC09F118-5E77-4228-8C73-0DB017CDCD6A}.Release|Any CPU.Deploy.0 = Release|Any CPU
		{EC09F118-5E77-4228-8C73-0DB017CDCD6A}.Release|iPhone.ActiveCfg = Release|Any CPU
		{EC09F118-5E77-4228-8C73-0DB017CDCD6A}.Release|iPhone.Build.0 = Release|Any CPU
		{EC09F118-5E77-4228-8C73-0DB017CDCD6A}.Release|iPhone.Deploy.0 = Release|Any CPU
		{EC09F118-5E77-4228-8C73-0DB017CDCD6A}.Release|iPhoneSimulator.ActiveCfg = Release|Any CPU
		{EC09F118-5E77-4228-8C73-0DB017CDCD6A}.Release|iPhoneSimulator.Build.0 = Release|Any CPU
		{EC09F118-5E77-4228-8C73-0DB017CDCD6A}.Release|iPhoneSimulator.Deploy.0 = Release|Any CPU
		{250E931B-54DE-428F-8CDD-AC23B0BB7213}.Debug|Any CPU.ActiveCfg = Debug|iPhone
		{250E931B-54DE-428F-8CDD-AC23B0BB7213}.Debug|Any CPU.Build.0 = Debug|iPhone
		{250E931B-54DE-428F-8CDD-AC23B0BB7213}.Debug|Any CPU.Deploy.0 = Debug|iPhone
		{250E931B-54DE-428F-8CDD-AC23B0BB7213}.Debug|iPhone.ActiveCfg = Debug|iPhone
		{250E931B-54DE-428F-8CDD-AC23B0BB7213}.Debug|iPhone.Build.0 = Debug|iPhone
		{250E931B-54DE-428F-8CDD-AC23B0BB7213}.Debug|iPhone.Deploy.0 = Debug|iPhone
		{250E931B-54DE-428F-8CDD-AC23B0BB7213}.Debug|iPhoneSimulator.ActiveCfg = Debug|iPhoneSimulator
		{250E931B-54DE-428F-8CDD-AC23B0BB7213}.Debug|iPhoneSimulator.Build.0 = Debug|iPhoneSimulator
		{250E931B-54DE-428F-8CDD-AC23B0BB7213}.Debug|iPhoneSimulator.Deploy.0 = Debug|iPhoneSimulator
		{250E931B-54DE-428F-8CDD-AC23B0BB7213}.Release|Any CPU.ActiveCfg = Release|iPhoneSimulator
		{250E931B-54DE-428F-8CDD-AC23B0BB7213}.Release|Any CPU.Build.0 = Release|iPhoneSimulator
		{250E931B-54DE-428F-8CDD-AC23B0BB7213}.Release|Any CPU.Deploy.0 = Release|iPhoneSimulator
		{250E931B-54DE-428F-8CDD-AC23B0BB7213}.Release|iPhone.ActiveCfg = Release|iPhone
		{250E931B-54DE-428F-8CDD-AC23B0BB7213}.Release|iPhone.Build.0 = Release|iPhone
		{250E931B-54DE-428F-8CDD-AC23B0BB7213}.Release|iPhone.Deploy.0 = Release|iPhone
		{250E931B-54DE-428F-8CDD-AC23B0BB7213}.Release|iPhoneSimulator.ActiveCfg = Release|iPhoneSimulator
		{250E931B-54DE-428F-8CDD-AC23B0BB7213}.Release|iPhoneSimulator.Build.0 = Release|iPhoneSimulator
		{250E931B-54DE-428F-8CDD-AC23B0BB7213}.Release|iPhoneSimulator.Deploy.0 = Release|iPhoneSimulator
		{3DBD4B40-ECC9-4747-8246-1087E8377D08}.Debug|Any CPU.ActiveCfg = Debug|Any CPU
		{3DBD4B40-ECC9-4747-8246-1087E8377D08}.Debug|Any CPU.Build.0 = Debug|Any CPU
		{3DBD4B40-ECC9-4747-8246-1087E8377D08}.Debug|Any CPU.Deploy.0 = Debug|Any CPU
		{3DBD4B40-ECC9-4747-8246-1087E8377D08}.Debug|iPhone.ActiveCfg = Debug|Any CPU
		{3DBD4B40-ECC9-4747-8246-1087E8377D08}.Debug|iPhone.Build.0 = Debug|Any CPU
		{3DBD4B40-ECC9-4747-8246-1087E8377D08}.Debug|iPhone.Deploy.0 = Debug|Any CPU
		{3DBD4B40-ECC9-4747-8246-1087E8377D08}.Debug|iPhoneSimulator.ActiveCfg = Debug|Any CPU
		{3DBD4B40-ECC9-4747-8246-1087E8377D08}.Debug|iPhoneSimulator.Build.0 = Debug|Any CPU
		{3DBD4B40-ECC9-4747-8246-1087E8377D08}.Debug|iPhoneSimulator.Deploy.0 = Debug|Any CPU
		{3DBD4B40-ECC9-4747-8246-1087E8377D08}.Release|Any CPU.ActiveCfg = Release|Any CPU
		{3DBD4B40-ECC9-4747-8246-1087E8377D08}.Release|Any CPU.Build.0 = Release|Any CPU
		{3DBD4B40-ECC9-4747-8246-1087E8377D08}.Release|Any CPU.Deploy.0 = Release|Any CPU
		{3DBD4B40-ECC9-4747-8246-1087E8377D08}.Release|iPhone.ActiveCfg = Release|Any CPU
		{3DBD4B40-ECC9-4747-8246-1087E8377D08}.Release|iPhone.Build.0 = Release|Any CPU
		{3DBD4B40-ECC9-4747-8246-1087E8377D08}.Release|iPhone.Deploy.0 = Release|Any CPU
		{3DBD4B40-ECC9-4747-8246-1087E8377D08}.Release|iPhoneSimulator.ActiveCfg = Release|Any CPU
		{3DBD4B40-ECC9-4747-8246-1087E8377D08}.Release|iPhoneSimulator.Build.0 = Release|Any CPU
		{3DBD4B40-ECC9-4747-8246-1087E8377D08}.Release|iPhoneSimulator.Deploy.0 = Release|Any CPU
	EndGlobalSection
	GlobalSection(SolutionProperties) = preSolution
		HideSolutionNode = FALSE
	EndGlobalSection
	GlobalSection(ExtensibilityGlobals) = postSolution
		SolutionGuid = {40DB725F-AD3A-4243-9A94-C09F5BC2B103}
	EndGlobalSection
EndGlobal
